
Microsoft Visual Studio Solution File, Format Version 12.00
# Visual Studio 15
VisualStudioVersion = 15.0.28010.2041
MinimumVisualStudioVersion = 10.0.40219.1
Project("{FAE04EC0-301F-11D3-BF4B-00C04F79EFBC}") = "EnspireWebClient", "EnspireWebClient\EnspireWebClient.csproj", "{6C472FEF-1100-476A-BBD8-FDECAB435AE8}"
EndProject
Global
	GlobalSection(SolutionConfigurationPlatforms) = preSolution
		Debug|Any CPU = Debug|Any CPU
		Release|Any CPU = Release|Any CPU
	EndGlobalSection
	GlobalSection(ProjectConfigurationPlatforms) = postSolution
		{6C472FEF-1100-476A-BBD8-FDECAB435AE8}.Debug|Any CPU.ActiveCfg = Debug|Any CPU
		{6C472FEF-1100-476A-BBD8-FDECAB435AE8}.Debug|Any CPU.Build.0 = Debug|Any CPU
		{6C472FEF-1100-476A-BBD8-FDECAB435AE8}.Release|Any CPU.ActiveCfg = Release|Any CPU
		{6C472FEF-1100-476A-BBD8-FDECAB435AE8}.Release|Any CPU.Build.0 = Release|Any CPU
	EndGlobalSection
	GlobalSection(SolutionProperties) = preSolution
		HideSolutionNode = FALSE
	EndGlobalSection
	GlobalSection(ExtensibilityGlobals) = postSolution
		SolutionGuid = {B2B659C2-E5D9-4EE4-BC47-C091DCC1CE81}
	EndGlobalSection
EndGlobal
